
Microsoft Visual Studio Solution File, Format Version 12.00
# Visual Studio Version 17
VisualStudioVersion = 17.14.36221.1 d17.14
MinimumVisualStudioVersion = 10.0.40219.1
Project("{FAE04EC0-301F-11D3-BF4B-00C04F79EFBC}") = "Ai Agent 練習", "Ai Agent 練習\Ai Agent 練習.csproj", "{ABFC08ED-ED13-4DCB-A889-46832E9B696C}"
EndProject
Global
	GlobalSection(SolutionConfigurationPlatforms) = preSolution
		Debug|Any CPU = Debug|Any CPU
		Release|Any CPU = Release|Any CPU
	EndGlobalSection
	GlobalSection(ProjectConfigurationPlatforms) = postSolution
		{ABFC08ED-ED13-4DCB-A889-46832E9B696C}.Debug|Any CPU.ActiveCfg = Debug|Any CPU
		{ABFC08ED-ED13-4DCB-A889-46832E9B696C}.Debug|Any CPU.Build.0 = Debug|Any CPU
		{ABFC08ED-ED13-4DCB-A889-46832E9B696C}.Release|Any CPU.ActiveCfg = Release|Any CPU
		{ABFC08ED-ED13-4DCB-A889-46832E9B696C}.Release|Any CPU.Build.0 = Release|Any CPU
	EndGlobalSection
	GlobalSection(SolutionProperties) = preSolution
		HideSolutionNode = FALSE
	EndGlobalSection
	GlobalSection(ExtensibilityGlobals) = postSolution
		SolutionGuid = {314F6302-733E-4B74-B4D6-8F9E33EB8B99}
	EndGlobalSection
EndGlobal
